// !$*UTF8*$!
{
	archiveVersion = 1;
	classes = {
	};
	objectVersion = 51;
	objects = {

/* Begin PBXBuildFile section */
		703CD76925F65ADD00AD4092 /* CardViewModel.swift in Sources */ = {isa = PBXBuildFile; fileRef = 703CD76825F65ADB00AD4092 /* CardViewModel.swift */; };
		703CD76B25F65AFD00AD4092 /* RegistrationViewModel.swift in Sources */ = {isa = PBXBuildFile; fileRef = 703CD76A25F65AFC00AD4092 /* RegistrationViewModel.swift */; };
		703CD76F25F65C6D00AD4092 /* CustomTextField.swift in Sources */ = {isa = PBXBuildFile; fileRef = 703CD76E25F65C6B00AD4092 /* CustomTextField.swift */; };
		703CD77125F65CD300AD4092 /* User.swift in Sources */ = {isa = PBXBuildFile; fileRef = 703CD77025F65CD200AD4092 /* User.swift */; };
		703CD77325F65D7200AD4092 /* Advertiser.swift in Sources */ = {isa = PBXBuildFile; fileRef = 703CD77225F65D7100AD4092 /* Advertiser.swift */; };
		703CD77525F65E3000AD4092 /* HomeController.swift in Sources */ = {isa = PBXBuildFile; fileRef = 703CD77425F65E2E00AD4092 /* HomeController.swift */; };
		703CD77725F65F0500AD4092 /* TopNavigationStackView.swift in Sources */ = {isa = PBXBuildFile; fileRef = 703CD77625F65F0500AD4092 /* TopNavigationStackView.swift */; };
		703CD77925F6600000AD4092 /* HomeBottomControlsStackView.swift in Sources */ = {isa = PBXBuildFile; fileRef = 703CD77825F6600000AD4092 /* HomeBottomControlsStackView.swift */; };
		703CD77B25F6613300AD4092 /* CardView.swift in Sources */ = {isa = PBXBuildFile; fileRef = 703CD77A25F6613200AD4092 /* CardView.swift */; };
		703D3B8125F478E600F88912 /* CustomButton.swift in Sources */ = {isa = PBXBuildFile; fileRef = 703D3B8025F478E600F88912 /* CustomButton.swift */; };
		704803BF25F514BF005DD39B /* GoogleService-Info.plist in Resources */ = {isa = PBXBuildFile; fileRef = 704803BE25F514BF005DD39B /* GoogleService-Info.plist */; };
		704C83FE25F5D0C800A5C02F /* Bindable.swift in Sources */ = {isa = PBXBuildFile; fileRef = 704C83FD25F5D0C800A5C02F /* Bindable.swift */; };
		705098F22600643200F8CF9D /* Constants.swift in Sources */ = {isa = PBXBuildFile; fileRef = 705098F12600643200F8CF9D /* Constants.swift */; };
		7050C86425F28ABE004C5867 /* AppDelegate.swift in Sources */ = {isa = PBXBuildFile; fileRef = 7050C86325F28ABE004C5867 /* AppDelegate.swift */; };
		7050C86625F28ABE004C5867 /* SceneDelegate.swift in Sources */ = {isa = PBXBuildFile; fileRef = 7050C86525F28ABE004C5867 /* SceneDelegate.swift */; };
		7050C86B25F28ABE004C5867 /* Main.storyboard in Resources */ = {isa = PBXBuildFile; fileRef = 7050C86925F28ABE004C5867 /* Main.storyboard */; };
		7050C86D25F28AC3004C5867 /* Assets.xcassets in Resources */ = {isa = PBXBuildFile; fileRef = 7050C86C25F28AC3004C5867 /* Assets.xcassets */; };
		7050C87025F28AC3004C5867 /* LaunchScreen.storyboard in Resources */ = {isa = PBXBuildFile; fileRef = 7050C86E25F28AC3004C5867 /* LaunchScreen.storyboard */; };
		7050C87C25F293EA004C5867 /* Extensions+UIView.swift in Sources */ = {isa = PBXBuildFile; fileRef = 7050C87B25F293EA004C5867 /* Extensions+UIView.swift */; };
		70676D3625FE0F2F00EB25F0 /* SettingTvCell.swift in Sources */ = {isa = PBXBuildFile; fileRef = 70676D3525FE0F2F00EB25F0 /* SettingTvCell.swift */; };
		70676D3825FE14DE00EB25F0 /* SettingTextField.swift in Sources */ = {isa = PBXBuildFile; fileRef = 70676D3725FE14DE00EB25F0 /* SettingTextField.swift */; };
		70676D3A25FE294500EB25F0 /* SettingsViewModel.swift in Sources */ = {isa = PBXBuildFile; fileRef = 70676D3925FE294500EB25F0 /* SettingsViewModel.swift */; };
		70676D3E25FE3B8E00EB25F0 /* BaseViewController.swift in Sources */ = {isa = PBXBuildFile; fileRef = 70676D3D25FE3B8E00EB25F0 /* BaseViewController.swift */; };
		7080A63925FDE7150039C9A6 /* SettingsController.swift in Sources */ = {isa = PBXBuildFile; fileRef = 7080A63825FDE7150039C9A6 /* SettingsController.swift */; };
		7080A63B25FDFD620039C9A6 /* HeaderLabel.swift in Sources */ = {isa = PBXBuildFile; fileRef = 7080A63A25FDFD620039C9A6 /* HeaderLabel.swift */; };
		70D3847925FF7AF100CE6727 /* RegistrationController.swift in Sources */ = {isa = PBXBuildFile; fileRef = 70D3847825FF7AEE00CE6727 /* RegistrationController.swift */; };
		70D3847B25FFA71100CE6727 /* SliderTvCell.swift in Sources */ = {isa = PBXBuildFile; fileRef = 70D3847A25FFA71100CE6727 /* SliderTvCell.swift */; };
		D15C352187655886D6C68558 /* Pods_LinkerApp.framework in Frameworks */ = {isa = PBXBuildFile; fileRef = 716C4C48785EE9BE3E448992 /* Pods_LinkerApp.framework */; };
/* End PBXBuildFile section */

/* Begin PBXFileReference section */
		15AD951D031E135401148E17 /* Pods-LinkerApp.debug.xcconfig */ = {isa = PBXFileReference; includeInIndex = 1; lastKnownFileType = text.xcconfig; name = "Pods-LinkerApp.debug.xcconfig"; path = "Target Support Files/Pods-LinkerApp/Pods-LinkerApp.debug.xcconfig"; sourceTree = "<group>"; };
		20F42F4E5019374DBC5475AD /* Pods-LinkerApp.release.xcconfig */ = {isa = PBXFileReference; includeInIndex = 1; lastKnownFileType = text.xcconfig; name = "Pods-LinkerApp.release.xcconfig"; path = "Target Support Files/Pods-LinkerApp/Pods-LinkerApp.release.xcconfig"; sourceTree = "<group>"; };
		703CD76825F65ADB00AD4092 /* CardViewModel.swift */ = {isa = PBXFileReference; fileEncoding = 4; lastKnownFileType = sourcecode.swift; path = CardViewModel.swift; sourceTree = "<group>"; };
		703CD76A25F65AFC00AD4092 /* RegistrationViewModel.swift */ = {isa = PBXFileReference; fileEncoding = 4; lastKnownFileType = sourcecode.swift; path = RegistrationViewModel.swift; sourceTree = "<group>"; };
		703CD76E25F65C6B00AD4092 /* CustomTextField.swift */ = {isa = PBXFileReference; fileEncoding = 4; lastKnownFileType = sourcecode.swift; path = CustomTextField.swift; sourceTree = "<group>"; };
		703CD77025F65CD200AD4092 /* User.swift */ = {isa = PBXFileReference; fileEncoding = 4; lastKnownFileType = sourcecode.swift; path = User.swift; sourceTree = "<group>"; };
		703CD77225F65D7100AD4092 /* Advertiser.swift */ = {isa = PBXFileReference; fileEncoding = 4; lastKnownFileType = sourcecode.swift; path = Advertiser.swift; sourceTree = "<group>"; };
		703CD77425F65E2E00AD4092 /* HomeController.swift */ = {isa = PBXFileReference; fileEncoding = 4; lastKnownFileType = sourcecode.swift; path = HomeController.swift; sourceTree = "<group>"; };
		703CD77625F65F0500AD4092 /* TopNavigationStackView.swift */ = {isa = PBXFileReference; fileEncoding = 4; lastKnownFileType = sourcecode.swift; path = TopNavigationStackView.swift; sourceTree = "<group>"; };
		703CD77825F6600000AD4092 /* HomeBottomControlsStackView.swift */ = {isa = PBXFileReference; fileEncoding = 4; lastKnownFileType = sourcecode.swift; path = HomeBottomControlsStackView.swift; sourceTree = "<group>"; };
		703CD77A25F6613200AD4092 /* CardView.swift */ = {isa = PBXFileReference; fileEncoding = 4; lastKnownFileType = sourcecode.swift; path = CardView.swift; sourceTree = "<group>"; };
		703D3B8025F478E600F88912 /* CustomButton.swift */ = {isa = PBXFileReference; lastKnownFileType = sourcecode.swift; path = CustomButton.swift; sourceTree = "<group>"; };
		704803BE25F514BF005DD39B /* GoogleService-Info.plist */ = {isa = PBXFileReference; fileEncoding = 4; lastKnownFileType = text.plist.xml; path = "GoogleService-Info.plist"; sourceTree = "<group>"; };
		704C83FD25F5D0C800A5C02F /* Bindable.swift */ = {isa = PBXFileReference; lastKnownFileType = sourcecode.swift; path = Bindable.swift; sourceTree = "<group>"; };
		705098F12600643200F8CF9D /* Constants.swift */ = {isa = PBXFileReference; lastKnownFileType = sourcecode.swift; path = Constants.swift; sourceTree = "<group>"; };
		7050C86025F28ABE004C5867 /* LinkerApp.app */ = {isa = PBXFileReference; explicitFileType = wrapper.application; includeInIndex = 0; path = LinkerApp.app; sourceTree = BUILT_PRODUCTS_DIR; };
		7050C86325F28ABE004C5867 /* AppDelegate.swift */ = {isa = PBXFileReference; lastKnownFileType = sourcecode.swift; path = AppDelegate.swift; sourceTree = "<group>"; };
		7050C86525F28ABE004C5867 /* SceneDelegate.swift */ = {isa = PBXFileReference; lastKnownFileType = sourcecode.swift; path = SceneDelegate.swift; sourceTree = "<group>"; };
		7050C86A25F28ABE004C5867 /* Base */ = {isa = PBXFileReference; lastKnownFileType = file.storyboard; name = Base; path = Base.lproj/Main.storyboard; sourceTree = "<group>"; };
		7050C86C25F28AC3004C5867 /* Assets.xcassets */ = {isa = PBXFileReference; lastKnownFileType = folder.assetcatalog; path = Assets.xcassets; sourceTree = "<group>"; };
		7050C86F25F28AC3004C5867 /* Base */ = {isa = PBXFileReference; lastKnownFileType = file.storyboard; name = Base; path = Base.lproj/LaunchScreen.storyboard; sourceTree = "<group>"; };
		7050C87125F28AC3004C5867 /* Info.plist */ = {isa = PBXFileReference; lastKnownFileType = text.plist.xml; path = Info.plist; sourceTree = "<group>"; };
		7050C87B25F293EA004C5867 /* Extensions+UIView.swift */ = {isa = PBXFileReference; fileEncoding = 4; lastKnownFileType = sourcecode.swift; path = "Extensions+UIView.swift"; sourceTree = "<group>"; };
		70676D3525FE0F2F00EB25F0 /* SettingTvCell.swift */ = {isa = PBXFileReference; lastKnownFileType = sourcecode.swift; path = SettingTvCell.swift; sourceTree = "<group>"; };
		70676D3725FE14DE00EB25F0 /* SettingTextField.swift */ = {isa = PBXFileReference; lastKnownFileType = sourcecode.swift; path = SettingTextField.swift; sourceTree = "<group>"; };
		70676D3925FE294500EB25F0 /* SettingsViewModel.swift */ = {isa = PBXFileReference; lastKnownFileType = sourcecode.swift; path = SettingsViewModel.swift; sourceTree = "<group>"; };
		70676D3D25FE3B8E00EB25F0 /* BaseViewController.swift */ = {isa = PBXFileReference; lastKnownFileType = sourcecode.swift; path = BaseViewController.swift; sourceTree = "<group>"; };
		7080A63825FDE7150039C9A6 /* SettingsController.swift */ = {isa = PBXFileReference; fileEncoding = 4; lastKnownFileType = sourcecode.swift; path = SettingsController.swift; sourceTree = "<group>"; };
		7080A63A25FDFD620039C9A6 /* HeaderLabel.swift */ = {isa = PBXFileReference; lastKnownFileType = sourcecode.swift; path = HeaderLabel.swift; sourceTree = "<group>"; };
		70D3847825FF7AEE00CE6727 /* RegistrationController.swift */ = {isa = PBXFileReference; fileEncoding = 4; lastKnownFileType = sourcecode.swift; path = RegistrationController.swift; sourceTree = "<group>"; };
		70D3847A25FFA71100CE6727 /* SliderTvCell.swift */ = {isa = PBXFileReference; lastKnownFileType = sourcecode.swift; path = SliderTvCell.swift; sourceTree = "<group>"; };
		716C4C48785EE9BE3E448992 /* Pods_LinkerApp.framework */ = {isa = PBXFileReference; explicitFileType = wrapper.framework; includeInIndex = 0; path = Pods_LinkerApp.framework; sourceTree = BUILT_PRODUCTS_DIR; };
/* End PBXFileReference section */

/* Begin PBXFrameworksBuildPhase section */
		7050C85D25F28ABD004C5867 /* Frameworks */ = {
			isa = PBXFrameworksBuildPhase;
			buildActionMask = 2147483647;
			files = (
				D15C352187655886D6C68558 /* Pods_LinkerApp.framework in Frameworks */,
			);
			runOnlyForDeploymentPostprocessing = 0;
		};
/* End PBXFrameworksBuildPhase section */

/* Begin PBXGroup section */
		053F0CCD7C3B184C23FC2CE4 /* Pods */ = {
			isa = PBXGroup;
			children = (
				15AD951D031E135401148E17 /* Pods-LinkerApp.debug.xcconfig */,
				20F42F4E5019374DBC5475AD /* Pods-LinkerApp.release.xcconfig */,
			);
			path = Pods;
			sourceTree = "<group>";
		};
		703D3B7C25F46DC800F88912 /* Controllers */ = {
			isa = PBXGroup;
			children = (
				703CD77425F65E2E00AD4092 /* HomeController.swift */,
				7080A63825FDE7150039C9A6 /* SettingsController.swift */,
				70D3847825FF7AEE00CE6727 /* RegistrationController.swift */,
			);
			path = Controllers;
			sourceTree = "<group>";
		};
		703D3B7F25F4787C00F88912 /* Classes */ = {
			isa = PBXGroup;
			children = (
				703D3B8025F478E600F88912 /* CustomButton.swift */,
				703CD76E25F65C6B00AD4092 /* CustomTextField.swift */,
				704C83FD25F5D0C800A5C02F /* Bindable.swift */,
				7080A63A25FDFD620039C9A6 /* HeaderLabel.swift */,
				70676D3525FE0F2F00EB25F0 /* SettingTvCell.swift */,
				70676D3725FE14DE00EB25F0 /* SettingTextField.swift */,
				70676D3D25FE3B8E00EB25F0 /* BaseViewController.swift */,
				70D3847A25FFA71100CE6727 /* SliderTvCell.swift */,
			);
			path = Classes;
			sourceTree = "<group>";
		};
		70437BCA25F3673800B87013 /* ViewModels */ = {
			isa = PBXGroup;
			children = (
				703CD76A25F65AFC00AD4092 /* RegistrationViewModel.swift */,
				703CD76825F65ADB00AD4092 /* CardViewModel.swift */,
				70676D3925FE294500EB25F0 /* SettingsViewModel.swift */,
			);
			path = ViewModels;
			sourceTree = "<group>";
		};
		705098F02600641200F8CF9D /* Helpers */ = {
			isa = PBXGroup;
			children = (
				705098F12600643200F8CF9D /* Constants.swift */,
			);
			path = Helpers;
			sourceTree = "<group>";
		};
		7050C85725F28ABD004C5867 = {
			isa = PBXGroup;
			children = (
				7050C86225F28ABE004C5867 /* LinkerApp */,
				7050C86125F28ABE004C5867 /* Products */,
				053F0CCD7C3B184C23FC2CE4 /* Pods */,
				D29729A54F716D5CB1FF05A8 /* Frameworks */,
			);
			sourceTree = "<group>";
		};
		7050C86125F28ABE004C5867 /* Products */ = {
			isa = PBXGroup;
			children = (
				7050C86025F28ABE004C5867 /* LinkerApp.app */,
			);
			name = Products;
			sourceTree = "<group>";
		};
		7050C86225F28ABE004C5867 /* LinkerApp */ = {
			isa = PBXGroup;
			children = (
				705098F02600641200F8CF9D /* Helpers */,
				703D3B7F25F4787C00F88912 /* Classes */,
				703D3B7C25F46DC800F88912 /* Controllers */,
				70437BCA25F3673800B87013 /* ViewModels */,
				70D3120725F3337300DF19AC /* Models */,
				7050C87A25F293C7004C5867 /* Extensions */,
				7050C87725F28E82004C5867 /* Views */,
				7050C86325F28ABE004C5867 /* AppDelegate.swift */,
				7050C86525F28ABE004C5867 /* SceneDelegate.swift */,
				7050C86925F28ABE004C5867 /* Main.storyboard */,
				7050C86C25F28AC3004C5867 /* Assets.xcassets */,
				7050C86E25F28AC3004C5867 /* LaunchScreen.storyboard */,
				7050C87125F28AC3004C5867 /* Info.plist */,
				704803BE25F514BF005DD39B /* GoogleService-Info.plist */,
			);
			path = LinkerApp;
			sourceTree = "<group>";
		};
		7050C87725F28E82004C5867 /* Views */ = {
			isa = PBXGroup;
			children = (
				703CD77825F6600000AD4092 /* HomeBottomControlsStackView.swift */,
				703CD77625F65F0500AD4092 /* TopNavigationStackView.swift */,
				703CD77A25F6613200AD4092 /* CardView.swift */,
			);
			path = Views;
			sourceTree = "<group>";
		};
		7050C87A25F293C7004C5867 /* Extensions */ = {
			isa = PBXGroup;
			children = (
				7050C87B25F293EA004C5867 /* Extensions+UIView.swift */,
			);
			path = Extensions;
			sourceTree = "<group>";
		};
		70D3120725F3337300DF19AC /* Models */ = {
			isa = PBXGroup;
			children = (
				703CD77225F65D7100AD4092 /* Advertiser.swift */,
				703CD77025F65CD200AD4092 /* User.swift */,
			);
			path = Models;
			sourceTree = "<group>";
		};
		D29729A54F716D5CB1FF05A8 /* Frameworks */ = {
			isa = PBXGroup;
			children = (
				716C4C48785EE9BE3E448992 /* Pods_LinkerApp.framework */,
			);
			name = Frameworks;
			sourceTree = "<group>";
		};
/* End PBXGroup section */

/* Begin PBXNativeTarget section */
		7050C85F25F28ABD004C5867 /* LinkerApp */ = {
			isa = PBXNativeTarget;
			buildConfigurationList = 7050C87425F28AC3004C5867 /* Build configuration list for PBXNativeTarget "LinkerApp" */;
			buildPhases = (
				D2C44EC11EBACF7C84B24A27 /* [CP] Check Pods Manifest.lock */,
				7050C85C25F28ABD004C5867 /* Sources */,
				7050C85D25F28ABD004C5867 /* Frameworks */,
				7050C85E25F28ABD004C5867 /* Resources */,
				FCF906C3972E8D393BDC918D /* [CP] Embed Pods Frameworks */,
			);
			buildRules = (
			);
			dependencies = (
			);
			name = LinkerApp;
			productName = LinkerApp;
			productReference = 7050C86025F28ABE004C5867 /* LinkerApp.app */;
			productType = "com.apple.product-type.application";
		};
/* End PBXNativeTarget section */

/* Begin PBXProject section */
		7050C85825F28ABD004C5867 /* Project object */ = {
			isa = PBXProject;
			attributes = {
				LastSwiftUpdateCheck = 1130;
				LastUpgradeCheck = 1130;
				ORGANIZATIONNAME = "Thanh Minh";
				TargetAttributes = {
					7050C85F25F28ABD004C5867 = {
						CreatedOnToolsVersion = 11.3.1;
					};
				};
			};
			buildConfigurationList = 7050C85B25F28ABD004C5867 /* Build configuration list for PBXProject "LinkerApp" */;
			compatibilityVersion = "Xcode 9.3";
			developmentRegion = en;
			hasScannedForEncodings = 0;
			knownRegions = (
				en,
				Base,
			);
			mainGroup = 7050C85725F28ABD004C5867;
			productRefGroup = 7050C86125F28ABE004C5867 /* Products */;
			projectDirPath = "";
			projectRoot = "";
			targets = (
				7050C85F25F28ABD004C5867 /* LinkerApp */,
			);
		};
/* End PBXProject section */

/* Begin PBXResourcesBuildPhase section */
		7050C85E25F28ABD004C5867 /* Resources */ = {
			isa = PBXResourcesBuildPhase;
			buildActionMask = 2147483647;
			files = (
				7050C87025F28AC3004C5867 /* LaunchScreen.storyboard in Resources */,
				704803BF25F514BF005DD39B /* GoogleService-Info.plist in Resources */,
				7050C86D25F28AC3004C5867 /* Assets.xcassets in Resources */,
				7050C86B25F28ABE004C5867 /* Main.storyboard in Resources */,
			);
			runOnlyForDeploymentPostprocessing = 0;
		};
/* End PBXResourcesBuildPhase section */

/* Begin PBXShellScriptBuildPhase section */
		D2C44EC11EBACF7C84B24A27 /* [CP] Check Pods Manifest.lock */ = {
			isa = PBXShellScriptBuildPhase;
			buildActionMask = 2147483647;
			files = (
			);
			inputFileListPaths = (
			);
			inputPaths = (
				"${PODS_PODFILE_DIR_PATH}/Podfile.lock",
				"${PODS_ROOT}/Manifest.lock",
			);
			name = "[CP] Check Pods Manifest.lock";
			outputFileListPaths = (
			);
			outputPaths = (
				"$(DERIVED_FILE_DIR)/Pods-LinkerApp-checkManifestLockResult.txt",
			);
			runOnlyForDeploymentPostprocessing = 0;
			shellPath = /bin/sh;
			shellScript = "diff \"${PODS_PODFILE_DIR_PATH}/Podfile.lock\" \"${PODS_ROOT}/Manifest.lock\" > /dev/null\nif [ $? != 0 ] ; then\n    # print error to STDERR\n    echo \"error: The sandbox is not in sync with the Podfile.lock. Run 'pod install' or update your CocoaPods installation.\" >&2\n    exit 1\nfi\n# This output is used by Xcode 'outputs' to avoid re-running this script phase.\necho \"SUCCESS\" > \"${SCRIPT_OUTPUT_FILE_0}\"\n";
			showEnvVarsInLog = 0;
		};
		FCF906C3972E8D393BDC918D /* [CP] Embed Pods Frameworks */ = {
			isa = PBXShellScriptBuildPhase;
			buildActionMask = 2147483647;
			files = (
			);
			inputFileListPaths = (
				"${PODS_ROOT}/Target Support Files/Pods-LinkerApp/Pods-LinkerApp-frameworks-${CONFIGURATION}-input-files.xcfilelist",
			);
			name = "[CP] Embed Pods Frameworks";
			outputFileListPaths = (
				"${PODS_ROOT}/Target Support Files/Pods-LinkerApp/Pods-LinkerApp-frameworks-${CONFIGURATION}-output-files.xcfilelist",
			);
			runOnlyForDeploymentPostprocessing = 0;
			shellPath = /bin/sh;
			shellScript = "\"${PODS_ROOT}/Target Support Files/Pods-LinkerApp/Pods-LinkerApp-frameworks.sh\"\n";
			showEnvVarsInLog = 0;
		};
/* End PBXShellScriptBuildPhase section */

/* Begin PBXSourcesBuildPhase section */
		7050C85C25F28ABD004C5867 /* Sources */ = {
			isa = PBXSourcesBuildPhase;
			buildActionMask = 2147483647;
			files = (
				704C83FE25F5D0C800A5C02F /* Bindable.swift in Sources */,
				703CD77325F65D7200AD4092 /* Advertiser.swift in Sources */,
				7050C86425F28ABE004C5867 /* AppDelegate.swift in Sources */,
				703CD76B25F65AFD00AD4092 /* RegistrationViewModel.swift in Sources */,
				703CD77B25F6613300AD4092 /* CardView.swift in Sources */,
				70676D3E25FE3B8E00EB25F0 /* BaseViewController.swift in Sources */,
				705098F22600643200F8CF9D /* Constants.swift in Sources */,
				703CD77125F65CD300AD4092 /* User.swift in Sources */,
				70D3847925FF7AF100CE6727 /* RegistrationController.swift in Sources */,
				703D3B8125F478E600F88912 /* CustomButton.swift in Sources */,
				7080A63B25FDFD620039C9A6 /* HeaderLabel.swift in Sources */,
				70676D3625FE0F2F00EB25F0 /* SettingTvCell.swift in Sources */,
				703CD77925F6600000AD4092 /* HomeBottomControlsStackView.swift in Sources */,
				7080A63925FDE7150039C9A6 /* SettingsController.swift in Sources */,
				70676D3825FE14DE00EB25F0 /* SettingTextField.swift in Sources */,
				7050C86625F28ABE004C5867 /* SceneDelegate.swift in Sources */,
				703CD77725F65F0500AD4092 /* TopNavigationStackView.swift in Sources */,
				70D3847B25FFA71100CE6727 /* SliderTvCell.swift in Sources */,
				7050C87C25F293EA004C5867 /* Extensions+UIView.swift in Sources */,
				70676D3A25FE294500EB25F0 /* SettingsViewModel.swift in Sources */,
				703CD76925F65ADD00AD4092 /* CardViewModel.swift in Sources */,
				703CD76F25F65C6D00AD4092 /* CustomTextField.swift in Sources */,
				703CD77525F65E3000AD4092 /* HomeController.swift in Sources */,
			);
			runOnlyForDeploymentPostprocessing = 0;
		};
/* End PBXSourcesBuildPhase section */

/* Begin PBXVariantGroup section */
		7050C86925F28ABE004C5867 /* Main.storyboard */ = {
			isa = PBXVariantGroup;
			children = (
				7050C86A25F28ABE004C5867 /* Base */,
			);
			name = Main.storyboard;
			sourceTree = "<group>";
		};
		7050C86E25F28AC3004C5867 /* LaunchScreen.storyboard */ = {
			isa = PBXVariantGroup;
			children = (
				7050C86F25F28AC3004C5867 /* Base */,
			);
			name = LaunchScreen.storyboard;
			sourceTree = "<group>";
		};
/* End PBXVariantGroup section */

/* Begin XCBuildConfiguration section */
		7050C87225F28AC3004C5867 /* Debug */ = {
			isa = XCBuildConfiguration;
			buildSettings = {
				ALWAYS_SEARCH_USER_PATHS = NO;
				CLANG_ANALYZER_NONNULL = YES;
				CLANG_ANALYZER_NUMBER_OBJECT_CONVERSION = YES_AGGRESSIVE;
				CLANG_CXX_LANGUAGE_STANDARD = "gnu++14";
				CLANG_CXX_LIBRARY = "libc++";
				CLANG_ENABLE_MODULES = YES;
				CLANG_ENABLE_OBJC_ARC = YES;
				CLANG_ENABLE_OBJC_WEAK = YES;
				CLANG_WARN_BLOCK_CAPTURE_AUTORELEASING = YES;
				CLANG_WARN_BOOL_CONVERSION = YES;
				CLANG_WARN_COMMA = YES;
				CLANG_WARN_CONSTANT_CONVERSION = YES;
				CLANG_WARN_DEPRECATED_OBJC_IMPLEMENTATIONS = YES;
				CLANG_WARN_DIRECT_OBJC_ISA_USAGE = YES_ERROR;
				CLANG_WARN_DOCUMENTATION_COMMENTS = YES;
				CLANG_WARN_EMPTY_BODY = YES;
				CLANG_WARN_ENUM_CONVERSION = YES;
				CLANG_WARN_INFINITE_RECURSION = YES;
				CLANG_WARN_INT_CONVERSION = YES;
				CLANG_WARN_NON_LITERAL_NULL_CONVERSION = YES;
				CLANG_WARN_OBJC_IMPLICIT_RETAIN_SELF = YES;
				CLANG_WARN_OBJC_LITERAL_CONVERSION = YES;
				CLANG_WARN_OBJC_ROOT_CLASS = YES_ERROR;
				CLANG_WARN_RANGE_LOOP_ANALYSIS = YES;
				CLANG_WARN_STRICT_PROTOTYPES = YES;
				CLANG_WARN_SUSPICIOUS_MOVE = YES;
				CLANG_WARN_UNGUARDED_AVAILABILITY = YES_AGGRESSIVE;
				CLANG_WARN_UNREACHABLE_CODE = YES;
				CLANG_WARN__DUPLICATE_METHOD_MATCH = YES;
				COPY_PHASE_STRIP = NO;
				DEBUG_INFORMATION_FORMAT = dwarf;
				ENABLE_STRICT_OBJC_MSGSEND = YES;
				ENABLE_TESTABILITY = YES;
				GCC_C_LANGUAGE_STANDARD = gnu11;
				GCC_DYNAMIC_NO_PIC = NO;
				GCC_NO_COMMON_BLOCKS = YES;
				GCC_OPTIMIZATION_LEVEL = 0;
				GCC_PREPROCESSOR_DEFINITIONS = (
					"DEBUG=1",
					"$(inherited)",
				);
				GCC_WARN_64_TO_32_BIT_CONVERSION = YES;
				GCC_WARN_ABOUT_RETURN_TYPE = YES_ERROR;
				GCC_WARN_UNDECLARED_SELECTOR = YES;
				GCC_WARN_UNINITIALIZED_AUTOS = YES_AGGRESSIVE;
				GCC_WARN_UNUSED_FUNCTION = YES;
				GCC_WARN_UNUSED_VARIABLE = YES;
				IPHONEOS_DEPLOYMENT_TARGET = 13.2;
				MTL_ENABLE_DEBUG_INFO = INCLUDE_SOURCE;
				MTL_FAST_MATH = YES;
				ONLY_ACTIVE_ARCH = YES;
				SDKROOT = iphoneos;
				SWIFT_ACTIVE_COMPILATION_CONDITIONS = DEBUG;
				SWIFT_OPTIMIZATION_LEVEL = "-Onone";
			};
			name = Debug;
		};
		7050C87325F28AC3004C5867 /* Release */ = {
			isa = XCBuildConfiguration;
			buildSettings = {
				ALWAYS_SEARCH_USER_PATHS = NO;
				CLANG_ANALYZER_NONNULL = YES;
				CLANG_ANALYZER_NUMBER_OBJECT_CONVERSION = YES_AGGRESSIVE;
				CLANG_CXX_LANGUAGE_STANDARD = "gnu++14";
				CLANG_CXX_LIBRARY = "libc++";
				CLANG_ENABLE_MODULES = YES;
				CLANG_ENABLE_OBJC_ARC = YES;
				CLANG_ENABLE_OBJC_WEAK = YES;
				CLANG_WARN_BLOCK_CAPTURE_AUTORELEASING = YES;
				CLANG_WARN_BOOL_CONVERSION = YES;
				CLANG_WARN_COMMA = YES;
				CLANG_WARN_CONSTANT_CONVERSION = YES;
				CLANG_WARN_DEPRECATED_OBJC_IMPLEMENTATIONS = YES;
				CLANG_WARN_DIRECT_OBJC_ISA_USAGE = YES_ERROR;
				CLANG_WARN_DOCUMENTATION_COMMENTS = YES;
				CLANG_WARN_EMPTY_BODY = YES;
				CLANG_WARN_ENUM_CONVERSION = YES;
				CLANG_WARN_INFINITE_RECURSION = YES;
				CLANG_WARN_INT_CONVERSION = YES;
				CLANG_WARN_NON_LITERAL_NULL_CONVERSION = YES;
				CLANG_WARN_OBJC_IMPLICIT_RETAIN_SELF = YES;
				CLANG_WARN_OBJC_LITERAL_CONVERSION = YES;
				CLANG_WARN_OBJC_ROOT_CLASS = YES_ERROR;
				CLANG_WARN_RANGE_LOOP_ANALYSIS = YES;
				CLANG_WARN_STRICT_PROTOTYPES = YES;
				CLANG_WARN_SUSPICIOUS_MOVE = YES;
				CLANG_WARN_UNGUARDED_AVAILABILITY = YES_AGGRESSIVE;
				CLANG_WARN_UNREACHABLE_CODE = YES;
				CLANG_WARN__DUPLICATE_METHOD_MATCH = YES;
				COPY_PHASE_STRIP = NO;
				DEBUG_INFORMATION_FORMAT = "dwarf-with-dsym";
				ENABLE_NS_ASSERTIONS = NO;
				ENABLE_STRICT_OBJC_MSGSEND = YES;
				GCC_C_LANGUAGE_STANDARD = gnu11;
				GCC_NO_COMMON_BLOCKS = YES;
				GCC_WARN_64_TO_32_BIT_CONVERSION = YES;
				GCC_WARN_ABOUT_RETURN_TYPE = YES_ERROR;
				GCC_WARN_UNDECLARED_SELECTOR = YES;
				GCC_WARN_UNINITIALIZED_AUTOS = YES_AGGRESSIVE;
				GCC_WARN_UNUSED_FUNCTION = YES;
				GCC_WARN_UNUSED_VARIABLE = YES;
				IPHONEOS_DEPLOYMENT_TARGET = 13.2;
				MTL_ENABLE_DEBUG_INFO = NO;
				MTL_FAST_MATH = YES;
				SDKROOT = iphoneos;
				SWIFT_COMPILATION_MODE = wholemodule;
				SWIFT_OPTIMIZATION_LEVEL = "-O";
				VALIDATE_PRODUCT = YES;
			};
			name = Release;
		};
		7050C87525F28AC3004C5867 /* Debug */ = {
			isa = XCBuildConfiguration;
			baseConfigurationReference = 15AD951D031E135401148E17 /* Pods-LinkerApp.debug.xcconfig */;
			buildSettings = {
				ASSETCATALOG_COMPILER_APPICON_NAME = AppIcon;
				CODE_SIGN_STYLE = Automatic;
				DEVELOPMENT_TEAM = ZQH587T855;
				INFOPLIST_FILE = LinkerApp/Info.plist;
				LD_RUNPATH_SEARCH_PATHS = (
					"$(inherited)",
					"@executable_path/Frameworks",
				);
				PRODUCT_BUNDLE_IDENTIFIER = com.LinkerApp;
				PRODUCT_NAME = "$(TARGET_NAME)";
				SWIFT_VERSION = 5.0;
				TARGETED_DEVICE_FAMILY = "1,2";
			};
			name = Debug;
		};
		7050C87625F28AC3004C5867 /* Release */ = {
			isa = XCBuildConfiguration;
			baseConfigurationReference = 20F42F4E5019374DBC5475AD /* Pods-LinkerApp.release.xcconfig */;
			buildSettings = {
				ASSETCATALOG_COMPILER_APPICON_NAME = AppIcon;
				CODE_SIGN_STYLE = Automatic;
				DEVELOPMENT_TEAM = ZQH587T855;
				INFOPLIST_FILE = LinkerApp/Info.plist;
				LD_RUNPATH_SEARCH_PATHS = (
					"$(inherited)",
					"@executable_path/Frameworks",
				);
				PRODUCT_BUNDLE_IDENTIFIER = com.LinkerApp;
				PRODUCT_NAME = "$(TARGET_NAME)";
				SWIFT_VERSION = 5.0;
				TARGETED_DEVICE_FAMILY = "1,2";
			};
			name = Release;
		};
/* End XCBuildConfiguration section */

/* Begin XCConfigurationList section */
		7050C85B25F28ABD004C5867 /* Build configuration list for PBXProject "LinkerApp" */ = {
			isa = XCConfigurationList;
			buildConfigurations = (
				7050C87225F28AC3004C5867 /* Debug */,
				7050C87325F28AC3004C5867 /* Release */,
			);
			defaultConfigurationIsVisible = 0;
			defaultConfigurationName = Release;
		};
		7050C87425F28AC3004C5867 /* Build configuration list for PBXNativeTarget "LinkerApp" */ = {
			isa = XCConfigurationList;
			buildConfigurations = (
				7050C87525F28AC3004C5867 /* Debug */,
				7050C87625F28AC3004C5867 /* Release */,
			);
			defaultConfigurationIsVisible = 0;
			defaultConfigurationName = Release;
		};
/* End XCConfigurationList section */
	};
	rootObject = 7050C85825F28ABD004C5867 /* Project object */;
}
